
Microsoft Visual Studio Solution File, Format Version 12.00
# Visual Studio Version 17
VisualStudioVersion = 17.4.33103.184
MinimumVisualStudioVersion = 10.0.40219.1
Project("{FAE04EC0-301F-11D3-BF4B-00C04F79EFBC}") = "Ngay3.2", "Ngay3.2\Ngay3.2.csproj", "{4E84A8CF-C758-478E-B264-F5BC8A32F648}"
EndProject
Global
	GlobalSection(SolutionConfigurationPlatforms) = preSolution
		Debug|Any CPU = Debug|Any CPU
		Release|Any CPU = Release|Any CPU
	EndGlobalSection
	GlobalSection(ProjectConfigurationPlatforms) = postSolution
		{4E84A8CF-C758-478E-B264-F5BC8A32F648}.Debug|Any CPU.ActiveCfg = Debug|Any CPU
		{4E84A8CF-C758-478E-B264-F5BC8A32F648}.Debug|Any CPU.Build.0 = Debug|Any CPU
		{4E84A8CF-C758-478E-B264-F5BC8A32F648}.Release|Any CPU.ActiveCfg = Release|Any CPU
		{4E84A8CF-C758-478E-B264-F5BC8A32F648}.Release|Any CPU.Build.0 = Release|Any CPU
	EndGlobalSection
	GlobalSection(SolutionProperties) = preSolution
		HideSolutionNode = FALSE
	EndGlobalSection
	GlobalSection(ExtensibilityGlobals) = postSolution
		SolutionGuid = {DEF91604-E96F-4804-BE25-DCA8FE9D16FE}
	EndGlobalSection
EndGlobal
