
Microsoft Visual Studio Solution File, Format Version 12.00
# Visual Studio Version 17
VisualStudioVersion = 17.4.33103.184
MinimumVisualStudioVersion = 10.0.40219.1
Project("{FAE04EC0-301F-11D3-BF4B-00C04F79EFBC}") = "Monthprinter", "Monthprinter\Monthprinter.csproj", "{795ADF84-3AAE-412D-BA01-40544301B851}"
EndProject
Global
	GlobalSection(SolutionConfigurationPlatforms) = preSolution
		Debug|Any CPU = Debug|Any CPU
		Release|Any CPU = Release|Any CPU
	EndGlobalSection
	GlobalSection(ProjectConfigurationPlatforms) = postSolution
		{795ADF84-3AAE-412D-BA01-40544301B851}.Debug|Any CPU.ActiveCfg = Debug|Any CPU
		{795ADF84-3AAE-412D-BA01-40544301B851}.Debug|Any CPU.Build.0 = Debug|Any CPU
		{795ADF84-3AAE-412D-BA01-40544301B851}.Release|Any CPU.ActiveCfg = Release|Any CPU
		{795ADF84-3AAE-412D-BA01-40544301B851}.Release|Any CPU.Build.0 = Release|Any CPU
	EndGlobalSection
	GlobalSection(SolutionProperties) = preSolution
		HideSolutionNode = FALSE
	EndGlobalSection
	GlobalSection(ExtensibilityGlobals) = postSolution
		SolutionGuid = {0A0C0FE3-B407-432B-BD71-0429E23F966D}
	EndGlobalSection
EndGlobal
