
Microsoft Visual Studio Solution File, Format Version 12.00
# Visual Studio Version 17
VisualStudioVersion = 17.4.33110.190
MinimumVisualStudioVersion = 10.0.40219.1
Project("{9A19103F-16F7-4668-BE54-9A1E7A4F7556}") = "FGWLab7PersonInheritantDemo", "FGWLab7PersonInheritantDemo\FGWLab7PersonInheritantDemo.csproj", "{20B29493-AA7C-42C2-A358-B9B44FA61258}"
EndProject
Project("{9A19103F-16F7-4668-BE54-9A1E7A4F7556}") = "FGWLab7InheritantAnimalDemo", "FGWLab7InheritantAnimalDemo\FGWLab7InheritantAnimalDemo.csproj", "{7E8009D8-B19A-4358-B186-30A898E1E409}"
EndProject
Project("{9A19103F-16F7-4668-BE54-9A1E7A4F7556}") = "FGWLab7PersonalEmployeeInheritant", "FGWLab7PersonalEmployeeInheritant\FGWLab7PersonalEmployeeInheritant.csproj", "{F493904D-1E83-4F35-ACB2-80A0AFEB8B3B}"
EndProject
Global
	GlobalSection(SolutionConfigurationPlatforms) = preSolution
		Debug|Any CPU = Debug|Any CPU
		Release|Any CPU = Release|Any CPU
	EndGlobalSection
	GlobalSection(ProjectConfigurationPlatforms) = postSolution
		{20B29493-AA7C-42C2-A358-B9B44FA61258}.Debug|Any CPU.ActiveCfg = Debug|Any CPU
		{20B29493-AA7C-42C2-A358-B9B44FA61258}.Debug|Any CPU.Build.0 = Debug|Any CPU
		{20B29493-AA7C-42C2-A358-B9B44FA61258}.Release|Any CPU.ActiveCfg = Release|Any CPU
		{20B29493-AA7C-42C2-A358-B9B44FA61258}.Release|Any CPU.Build.0 = Release|Any CPU
		{7E8009D8-B19A-4358-B186-30A898E1E409}.Debug|Any CPU.ActiveCfg = Debug|Any CPU
		{7E8009D8-B19A-4358-B186-30A898E1E409}.Debug|Any CPU.Build.0 = Debug|Any CPU
		{7E8009D8-B19A-4358-B186-30A898E1E409}.Release|Any CPU.ActiveCfg = Release|Any CPU
		{7E8009D8-B19A-4358-B186-30A898E1E409}.Release|Any CPU.Build.0 = Release|Any CPU
		{F493904D-1E83-4F35-ACB2-80A0AFEB8B3B}.Debug|Any CPU.ActiveCfg = Debug|Any CPU
		{F493904D-1E83-4F35-ACB2-80A0AFEB8B3B}.Debug|Any CPU.Build.0 = Debug|Any CPU
		{F493904D-1E83-4F35-ACB2-80A0AFEB8B3B}.Release|Any CPU.ActiveCfg = Release|Any CPU
		{F493904D-1E83-4F35-ACB2-80A0AFEB8B3B}.Release|Any CPU.Build.0 = Release|Any CPU
	EndGlobalSection
	GlobalSection(SolutionProperties) = preSolution
		HideSolutionNode = FALSE
	EndGlobalSection
	GlobalSection(ExtensibilityGlobals) = postSolution
		SolutionGuid = {3A9F5793-EC71-4CB3-89FD-FB36ECAE1254}
	EndGlobalSection
EndGlobal
