
Microsoft Visual Studio Solution File, Format Version 12.00
# Visual Studio Version 17
VisualStudioVersion = 17.4.33103.184
MinimumVisualStudioVersion = 10.0.40219.1
Project("{FAE04EC0-301F-11D3-BF4B-00C04F79EFBC}") = "ngay3-4", "ngay3-4\ngay3-4.csproj", "{74ECDD64-D4EB-4DB1-950D-C012BC372B6A}"
EndProject
Global
	GlobalSection(SolutionConfigurationPlatforms) = preSolution
		Debug|Any CPU = Debug|Any CPU
		Release|Any CPU = Release|Any CPU
	EndGlobalSection
	GlobalSection(ProjectConfigurationPlatforms) = postSolution
		{74ECDD64-D4EB-4DB1-950D-C012BC372B6A}.Debug|Any CPU.ActiveCfg = Debug|Any CPU
		{74ECDD64-D4EB-4DB1-950D-C012BC372B6A}.Debug|Any CPU.Build.0 = Debug|Any CPU
		{74ECDD64-D4EB-4DB1-950D-C012BC372B6A}.Release|Any CPU.ActiveCfg = Release|Any CPU
		{74ECDD64-D4EB-4DB1-950D-C012BC372B6A}.Release|Any CPU.Build.0 = Release|Any CPU
	EndGlobalSection
	GlobalSection(SolutionProperties) = preSolution
		HideSolutionNode = FALSE
	EndGlobalSection
	GlobalSection(ExtensibilityGlobals) = postSolution
		SolutionGuid = {E29A5B02-735E-40F9-909F-7DB6F0DDC2B4}
	EndGlobalSection
EndGlobal
