
Microsoft Visual Studio Solution File, Format Version 12.00
# Visual Studio Version 17
VisualStudioVersion = 17.4.33103.184
MinimumVisualStudioVersion = 10.0.40219.1
Project("{FAE04EC0-301F-11D3-BF4B-00C04F79EFBC}") = "lab5_song", "lab5_song\lab5_song.csproj", "{DC561217-9107-49AA-9585-F5CADFE1C17E}"
EndProject
Global
	GlobalSection(SolutionConfigurationPlatforms) = preSolution
		Debug|Any CPU = Debug|Any CPU
		Release|Any CPU = Release|Any CPU
	EndGlobalSection
	GlobalSection(ProjectConfigurationPlatforms) = postSolution
		{DC561217-9107-49AA-9585-F5CADFE1C17E}.Debug|Any CPU.ActiveCfg = Debug|Any CPU
		{DC561217-9107-49AA-9585-F5CADFE1C17E}.Debug|Any CPU.Build.0 = Debug|Any CPU
		{DC561217-9107-49AA-9585-F5CADFE1C17E}.Release|Any CPU.ActiveCfg = Release|Any CPU
		{DC561217-9107-49AA-9585-F5CADFE1C17E}.Release|Any CPU.Build.0 = Release|Any CPU
	EndGlobalSection
	GlobalSection(SolutionProperties) = preSolution
		HideSolutionNode = FALSE
	EndGlobalSection
	GlobalSection(ExtensibilityGlobals) = postSolution
		SolutionGuid = {DA99F9BC-450F-47E8-98AA-7FD321ACEDC2}
	EndGlobalSection
EndGlobal
